
Microsoft Visual Studio Solution File, Format Version 12.00
# Visual Studio 15
VisualStudioVersion = 15.0.28010.2050
MinimumVisualStudioVersion = 10.0.40219.1
Project("{FAE04EC0-301F-11D3-BF4B-00C04F79EFBC}") = "bookclub", "bookclub\bookclub.csproj", "{85CF7E17-3BF5-411C-8240-AD21FCE10E4F}"
EndProject
Global
	GlobalSection(SolutionConfigurationPlatforms) = preSolution
		Debug|Any CPU = Debug|Any CPU
		Release|Any CPU = Release|Any CPU
	EndGlobalSection
	GlobalSection(ProjectConfigurationPlatforms) = postSolution
		{85CF7E17-3BF5-411C-8240-AD21FCE10E4F}.Debug|Any CPU.ActiveCfg = Debug|Any CPU
		{85CF7E17-3BF5-411C-8240-AD21FCE10E4F}.Debug|Any CPU.Build.0 = Debug|Any CPU
		{85CF7E17-3BF5-411C-8240-AD21FCE10E4F}.Release|Any CPU.ActiveCfg = Release|Any CPU
		{85CF7E17-3BF5-411C-8240-AD21FCE10E4F}.Release|Any CPU.Build.0 = Release|Any CPU
	EndGlobalSection
	GlobalSection(SolutionProperties) = preSolution
		HideSolutionNode = FALSE
	EndGlobalSection
	GlobalSection(ExtensibilityGlobals) = postSolution
		SolutionGuid = {D6BF8A47-231F-47DF-AAF9-B2557CB67079}
	EndGlobalSection
EndGlobal
